
Microsoft Visual Studio Solution File, Format Version 12.00
# Visual Studio Version 16
VisualStudioVersion = 16.0.32002.261
MinimumVisualStudioVersion = 10.0.40219.1
Project("{FAE04EC0-301F-11D3-BF4B-00C04F79EFBC}") = "AddressBookSystem", "AddressBookSystem.csproj", "{3F067055-0228-45B8-A6FD-7794B43FD00B}"
EndProject
Global
	GlobalSection(SolutionConfigurationPlatforms) = preSolution
		Debug|Any CPU = Debug|Any CPU
		Release|Any CPU = Release|Any CPU
	EndGlobalSection
	GlobalSection(ProjectConfigurationPlatforms) = postSolution
		{3F067055-0228-45B8-A6FD-7794B43FD00B}.Debug|Any CPU.ActiveCfg = Debug|Any CPU
		{3F067055-0228-45B8-A6FD-7794B43FD00B}.Debug|Any CPU.Build.0 = Debug|Any CPU
		{3F067055-0228-45B8-A6FD-7794B43FD00B}.Release|Any CPU.ActiveCfg = Release|Any CPU
		{3F067055-0228-45B8-A6FD-7794B43FD00B}.Release|Any CPU.Build.0 = Release|Any CPU
	EndGlobalSection
	GlobalSection(SolutionProperties) = preSolution
		HideSolutionNode = FALSE
	EndGlobalSection
	GlobalSection(ExtensibilityGlobals) = postSolution
		SolutionGuid = {50846860-21D3-47E9-9067-58B582D7096C}
	EndGlobalSection
EndGlobal
